
Microsoft Visual Studio Solution File, Format Version 12.00
# Visual Studio 15
VisualStudioVersion = 15.0.28307.902
MinimumVisualStudioVersion = 10.0.40219.1
Project("{FAE04EC0-301F-11D3-BF4B-00C04F79EFBC}") = "A1WebAPI", "A1WebAPI\A1WebAPI.csproj", "{CFFAE5FE-6026-482E-B217-8088DB318DA8}"
EndProject
Global
	GlobalSection(SolutionConfigurationPlatforms) = preSolution
		Debug|Any CPU = Debug|Any CPU
		Release|Any CPU = Release|Any CPU
	EndGlobalSection
	GlobalSection(ProjectConfigurationPlatforms) = postSolution
		{CFFAE5FE-6026-482E-B217-8088DB318DA8}.Debug|Any CPU.ActiveCfg = Debug|Any CPU
		{CFFAE5FE-6026-482E-B217-8088DB318DA8}.Debug|Any CPU.Build.0 = Debug|Any CPU
		{CFFAE5FE-6026-482E-B217-8088DB318DA8}.Release|Any CPU.ActiveCfg = Release|Any CPU
		{CFFAE5FE-6026-482E-B217-8088DB318DA8}.Release|Any CPU.Build.0 = Release|Any CPU
	EndGlobalSection
	GlobalSection(SolutionProperties) = preSolution
		HideSolutionNode = FALSE
	EndGlobalSection
	GlobalSection(ExtensibilityGlobals) = postSolution
		SolutionGuid = {CB86EB69-BB07-417D-901E-6C86780FDCC2}
	EndGlobalSection
EndGlobal
